// !$*UTF8*$!
{
	archiveVersion = 1;
	classes = {
	};
	objectVersion = 48;
	objects = {

/* Begin PBXBuildFile section */
		D00A40961F8667E300606644 /* main.swift in Sources */ = {isa = PBXBuildFile; fileRef = D00A40951F8667E300606644 /* main.swift */; };
		D00A409D1F8667F400606644 /* Vehicle.swift in Sources */ = {isa = PBXBuildFile; fileRef = D00A409C1F8667F400606644 /* Vehicle.swift */; };
		D00A409F1F86826E00606644 /* Tractor.swift in Sources */ = {isa = PBXBuildFile; fileRef = D00A409E1F86826E00606644 /* Tractor.swift */; };
		D00A40A11F86866300606644 /* Lorry.swift in Sources */ = {isa = PBXBuildFile; fileRef = D00A40A01F86866300606644 /* Lorry.swift */; };
		D00A40A31F8687B200606644 /* Car.swift in Sources */ = {isa = PBXBuildFile; fileRef = D00A40A21F8687B200606644 /* Car.swift */; };
/* End PBXBuildFile section */

/* Begin PBXCopyFilesBuildPhase section */
		D00A40901F8667E300606644 /* CopyFiles */ = {
			isa = PBXCopyFilesBuildPhase;
			buildActionMask = 2147483647;
			dstPath = /usr/share/man/man1/;
			dstSubfolderSpec = 0;
			files = (
			);
			runOnlyForDeploymentPostprocessing = 1;
		};
/* End PBXCopyFilesBuildPhase section */

/* Begin PBXFileReference section */
		D00A40921F8667E300606644 /* testingcrap */ = {isa = PBXFileReference; explicitFileType = "compiled.mach-o.executable"; includeInIndex = 0; path = testingcrap; sourceTree = BUILT_PRODUCTS_DIR; };
		D00A40951F8667E300606644 /* main.swift */ = {isa = PBXFileReference; lastKnownFileType = sourcecode.swift; path = main.swift; sourceTree = "<group>"; };
		D00A409C1F8667F400606644 /* Vehicle.swift */ = {isa = PBXFileReference; lastKnownFileType = sourcecode.swift; path = Vehicle.swift; sourceTree = "<group>"; };
		D00A409E1F86826E00606644 /* Tractor.swift */ = {isa = PBXFileReference; lastKnownFileType = sourcecode.swift; path = Tractor.swift; sourceTree = "<group>"; };
		D00A40A01F86866300606644 /* Lorry.swift */ = {isa = PBXFileReference; lastKnownFileType = sourcecode.swift; path = Lorry.swift; sourceTree = "<group>"; };
		D00A40A21F8687B200606644 /* Car.swift */ = {isa = PBXFileReference; lastKnownFileType = sourcecode.swift; path = Car.swift; sourceTree = "<group>"; };
/* End PBXFileReference section */

/* Begin PBXFrameworksBuildPhase section */
		D00A408F1F8667E300606644 /* Frameworks */ = {
			isa = PBXFrameworksBuildPhase;
			buildActionMask = 2147483647;
			files = (
			);
			runOnlyForDeploymentPostprocessing = 0;
		};
/* End PBXFrameworksBuildPhase section */

/* Begin PBXGroup section */
		D00A40891F8667E300606644 = {
			isa = PBXGroup;
			children = (
				D00A40941F8667E300606644 /* testingcrap */,
				D00A40931F8667E300606644 /* Products */,
			);
			sourceTree = "<group>";
		};
		D00A40931F8667E300606644 /* Products */ = {
			isa = PBXGroup;
			children = (
				D00A40921F8667E300606644 /* testingcrap */,
			);
			name = Products;
			sourceTree = "<group>";
		};
		D00A40941F8667E300606644 /* testingcrap */ = {
			isa = PBXGroup;
			children = (
				D00A409E1F86826E00606644 /* Tractor.swift */,
				D00A40951F8667E300606644 /* main.swift */,
				D00A40A21F8687B200606644 /* Car.swift */,
				D00A40A01F86866300606644 /* Lorry.swift */,
				D00A409C1F8667F400606644 /* Vehicle.swift */,
			);
			path = testingcrap;
			sourceTree = "<group>";
		};
/* End PBXGroup section */

/* Begin PBXNativeTarget section */
		D00A40911F8667E300606644 /* testingcrap */ = {
			isa = PBXNativeTarget;
			buildConfigurationList = D00A40991F8667E300606644 /* Build configuration list for PBXNativeTarget "testingcrap" */;
			buildPhases = (
				D00A408E1F8667E300606644 /* Sources */,
				D00A408F1F8667E300606644 /* Frameworks */,
				D00A40901F8667E300606644 /* CopyFiles */,
			);
			buildRules = (
			);
			dependencies = (
			);
			name = testingcrap;
			productName = testingcrap;
			productReference = D00A40921F8667E300606644 /* testingcrap */;
			productType = "com.apple.product-type.tool";
		};
/* End PBXNativeTarget section */

/* Begin PBXProject section */
		D00A408A1F8667E300606644 /* Project object */ = {
			isa = PBXProject;
			attributes = {
				LastSwiftUpdateCheck = 0900;
				LastUpgradeCheck = 0900;
				ORGANIZATIONNAME = "Kyrill van Seventer";
				TargetAttributes = {
					D00A40911F8667E300606644 = {
						CreatedOnToolsVersion = 9.0;
						ProvisioningStyle = Automatic;
					};
				};
			};
			buildConfigurationList = D00A408D1F8667E300606644 /* Build configuration list for PBXProject "testingcrap" */;
			compatibilityVersion = "Xcode 8.0";
			developmentRegion = en;
			hasScannedForEncodings = 0;
			knownRegions = (
				en,
			);
			mainGroup = D00A40891F8667E300606644;
			productRefGroup = D00A40931F8667E300606644 /* Products */;
			projectDirPath = "";
			projectRoot = "";
			targets = (
				D00A40911F8667E300606644 /* testingcrap */,
			);
		};
/* End PBXProject section */

/* Begin PBXSourcesBuildPhase section */
		D00A408E1F8667E300606644 /* Sources */ = {
			isa = PBXSourcesBuildPhase;
			buildActionMask = 2147483647;
			files = (
				D00A409F1F86826E00606644 /* Tractor.swift in Sources */,
				D00A409D1F8667F400606644 /* Vehicle.swift in Sources */,
				D00A40A31F8687B200606644 /* Car.swift in Sources */,
				D00A40A11F86866300606644 /* Lorry.swift in Sources */,
				D00A40961F8667E300606644 /* main.swift in Sources */,
			);
			runOnlyForDeploymentPostprocessing = 0;
		};
/* End PBXSourcesBuildPhase section */

/* Begin XCBuildConfiguration section */
		D00A40971F8667E300606644 /* Debug */ = {
			isa = XCBuildConfiguration;
			buildSettings = {
				ALWAYS_SEARCH_USER_PATHS = NO;
				CLANG_ANALYZER_NONNULL = YES;
				CLANG_ANALYZER_NUMBER_OBJECT_CONVERSION = YES_AGGRESSIVE;
				CLANG_CXX_LANGUAGE_STANDARD = "gnu++14";
				CLANG_CXX_LIBRARY = "libc++";
				CLANG_ENABLE_MODULES = YES;
				CLANG_ENABLE_OBJC_ARC = YES;
				CLANG_WARN_BLOCK_CAPTURE_AUTORELEASING = YES;
				CLANG_WARN_BOOL_CONVERSION = YES;
				CLANG_WARN_COMMA = YES;
				CLANG_WARN_CONSTANT_CONVERSION = YES;
				CLANG_WARN_DIRECT_OBJC_ISA_USAGE = YES_ERROR;
				CLANG_WARN_DOCUMENTATION_COMMENTS = YES;
				CLANG_WARN_EMPTY_BODY = YES;
				CLANG_WARN_ENUM_CONVERSION = YES;
				CLANG_WARN_INFINITE_RECURSION = YES;
				CLANG_WARN_INT_CONVERSION = YES;
				CLANG_WARN_NON_LITERAL_NULL_CONVERSION = YES;
				CLANG_WARN_OBJC_LITERAL_CONVERSION = YES;
				CLANG_WARN_OBJC_ROOT_CLASS = YES_ERROR;
				CLANG_WARN_RANGE_LOOP_ANALYSIS = YES;
				CLANG_WARN_STRICT_PROTOTYPES = YES;
				CLANG_WARN_SUSPICIOUS_MOVE = YES;
				CLANG_WARN_UNGUARDED_AVAILABILITY = YES_AGGRESSIVE;
				CLANG_WARN_UNREACHABLE_CODE = YES;
				CLANG_WARN__DUPLICATE_METHOD_MATCH = YES;
				CODE_SIGN_IDENTITY = "-";
				COPY_PHASE_STRIP = NO;
				DEBUG_INFORMATION_FORMAT = dwarf;
				ENABLE_STRICT_OBJC_MSGSEND = YES;
				ENABLE_TESTABILITY = YES;
				GCC_C_LANGUAGE_STANDARD = gnu11;
				GCC_DYNAMIC_NO_PIC = NO;
				GCC_NO_COMMON_BLOCKS = YES;
				GCC_OPTIMIZATION_LEVEL = 0;
				GCC_PREPROCESSOR_DEFINITIONS = (
					"DEBUG=1",
					"$(inherited)",
				);
				GCC_WARN_64_TO_32_BIT_CONVERSION = YES;
				GCC_WARN_ABOUT_RETURN_TYPE = YES_ERROR;
				GCC_WARN_UNDECLARED_SELECTOR = YES;
				GCC_WARN_UNINITIALIZED_AUTOS = YES_AGGRESSIVE;
				GCC_WARN_UNUSED_FUNCTION = YES;
				GCC_WARN_UNUSED_VARIABLE = YES;
				MACOSX_DEPLOYMENT_TARGET = 10.13;
				MTL_ENABLE_DEBUG_INFO = YES;
				ONLY_ACTIVE_ARCH = YES;
				SDKROOT = macosx;
				SWIFT_ACTIVE_COMPILATION_CONDITIONS = DEBUG;
				SWIFT_OPTIMIZATION_LEVEL = "-Onone";
			};
			name = Debug;
		};
		D00A40981F8667E300606644 /* Release */ = {
			isa = XCBuildConfiguration;
			buildSettings = {
				ALWAYS_SEARCH_USER_PATHS = NO;
				CLANG_ANALYZER_NONNULL = YES;
				CLANG_ANALYZER_NUMBER_OBJECT_CONVERSION = YES_AGGRESSIVE;
				CLANG_CXX_LANGUAGE_STANDARD = "gnu++14";
				CLANG_CXX_LIBRARY = "libc++";
				CLANG_ENABLE_MODULES = YES;
				CLANG_ENABLE_OBJC_ARC = YES;
				CLANG_WARN_BLOCK_CAPTURE_AUTORELEASING = YES;
				CLANG_WARN_BOOL_CONVERSION = YES;
				CLANG_WARN_COMMA = YES;
				CLANG_WARN_CONSTANT_CONVERSION = YES;
				CLANG_WARN_DIRECT_OBJC_ISA_USAGE = YES_ERROR;
				CLANG_WARN_DOCUMENTATION_COMMENTS = YES;
				CLANG_WARN_EMPTY_BODY = YES;
				CLANG_WARN_ENUM_CONVERSION = YES;
				CLANG_WARN_INFINITE_RECURSION = YES;
				CLANG_WARN_INT_CONVERSION = YES;
				CLANG_WARN_NON_LITERAL_NULL_CONVERSION = YES;
				CLANG_WARN_OBJC_LITERAL_CONVERSION = YES;
				CLANG_WARN_OBJC_ROOT_CLASS = YES_ERROR;
				CLANG_WARN_RANGE_LOOP_ANALYSIS = YES;
				CLANG_WARN_STRICT_PROTOTYPES = YES;
				CLANG_WARN_SUSPICIOUS_MOVE = YES;
				CLANG_WARN_UNGUARDED_AVAILABILITY = YES_AGGRESSIVE;
				CLANG_WARN_UNREACHABLE_CODE = YES;
				CLANG_WARN__DUPLICATE_METHOD_MATCH = YES;
				CODE_SIGN_IDENTITY = "-";
				COPY_PHASE_STRIP = NO;
				DEBUG_INFORMATION_FORMAT = "dwarf-with-dsym";
				ENABLE_NS_ASSERTIONS = NO;
				ENABLE_STRICT_OBJC_MSGSEND = YES;
				GCC_C_LANGUAGE_STANDARD = gnu11;
				GCC_NO_COMMON_BLOCKS = YES;
				GCC_WARN_64_TO_32_BIT_CONVERSION = YES;
				GCC_WARN_ABOUT_RETURN_TYPE = YES_ERROR;
				GCC_WARN_UNDECLARED_SELECTOR = YES;
				GCC_WARN_UNINITIALIZED_AUTOS = YES_AGGRESSIVE;
				GCC_WARN_UNUSED_FUNCTION = YES;
				GCC_WARN_UNUSED_VARIABLE = YES;
				MACOSX_DEPLOYMENT_TARGET = 10.13;
				MTL_ENABLE_DEBUG_INFO = NO;
				SDKROOT = macosx;
				SWIFT_OPTIMIZATION_LEVEL = "-Owholemodule";
			};
			name = Release;
		};
		D00A409A1F8667E300606644 /* Debug */ = {
			isa = XCBuildConfiguration;
			buildSettings = {
				CODE_SIGN_STYLE = Automatic;
				PRODUCT_NAME = "$(TARGET_NAME)";
				SWIFT_VERSION = 4.0;
			};
			name = Debug;
		};
		D00A409B1F8667E300606644 /* Release */ = {
			isa = XCBuildConfiguration;
			buildSettings = {
				CODE_SIGN_STYLE = Automatic;
				PRODUCT_NAME = "$(TARGET_NAME)";
				SWIFT_VERSION = 4.0;
			};
			name = Release;
		};
/* End XCBuildConfiguration section */

/* Begin XCConfigurationList section */
		D00A408D1F8667E300606644 /* Build configuration list for PBXProject "testingcrap" */ = {
			isa = XCConfigurationList;
			buildConfigurations = (
				D00A40971F8667E300606644 /* Debug */,
				D00A40981F8667E300606644 /* Release */,
			);
			defaultConfigurationIsVisible = 0;
			defaultConfigurationName = Release;
		};
		D00A40991F8667E300606644 /* Build configuration list for PBXNativeTarget "testingcrap" */ = {
			isa = XCConfigurationList;
			buildConfigurations = (
				D00A409A1F8667E300606644 /* Debug */,
				D00A409B1F8667E300606644 /* Release */,
			);
			defaultConfigurationIsVisible = 0;
			defaultConfigurationName = Release;
		};
/* End XCConfigurationList section */
	};
	rootObject = D00A408A1F8667E300606644 /* Project object */;
}
