// !$*UTF8*$!
{
	archiveVersion = 1;
	classes = {
	};
	objectVersion = 48;
	objects = {

/* Begin PBXBuildFile section */
		D002C6461F8F513C00C3705A /* AppDelegate.swift in Sources */ = {isa = PBXBuildFile; fileRef = D002C6451F8F513C00C3705A /* AppDelegate.swift */; };
		D002C6481F8F513C00C3705A /* ViewController.swift in Sources */ = {isa = PBXBuildFile; fileRef = D002C6471F8F513C00C3705A /* ViewController.swift */; };
		D002C64B1F8F513C00C3705A /* Main.storyboard in Resources */ = {isa = PBXBuildFile; fileRef = D002C6491F8F513C00C3705A /* Main.storyboard */; };
		D002C64E1F8F513C00C3705A /* CalculatorApp.xcdatamodeld in Sources */ = {isa = PBXBuildFile; fileRef = D002C64C1F8F513C00C3705A /* CalculatorApp.xcdatamodeld */; };
		D002C6501F8F513C00C3705A /* Assets.xcassets in Resources */ = {isa = PBXBuildFile; fileRef = D002C64F1F8F513C00C3705A /* Assets.xcassets */; };
		D002C6531F8F513C00C3705A /* LaunchScreen.storyboard in Resources */ = {isa = PBXBuildFile; fileRef = D002C6511F8F513C00C3705A /* LaunchScreen.storyboard */; };
		D002C65B1F8F518900C3705A /* Calculations.swift in Sources */ = {isa = PBXBuildFile; fileRef = D002C65A1F8F518900C3705A /* Calculations.swift */; };
/* End PBXBuildFile section */

/* Begin PBXFileReference section */
		D002C6421F8F513C00C3705A /* CalculatorApp.app */ = {isa = PBXFileReference; explicitFileType = wrapper.application; includeInIndex = 0; path = CalculatorApp.app; sourceTree = BUILT_PRODUCTS_DIR; };
		D002C6451F8F513C00C3705A /* AppDelegate.swift */ = {isa = PBXFileReference; lastKnownFileType = sourcecode.swift; path = AppDelegate.swift; sourceTree = "<group>"; };
		D002C6471F8F513C00C3705A /* ViewController.swift */ = {isa = PBXFileReference; lastKnownFileType = sourcecode.swift; path = ViewController.swift; sourceTree = "<group>"; };
		D002C64A1F8F513C00C3705A /* Base */ = {isa = PBXFileReference; lastKnownFileType = file.storyboard; name = Base; path = Base.lproj/Main.storyboard; sourceTree = "<group>"; };
		D002C64D1F8F513C00C3705A /* CalculatorApp.xcdatamodel */ = {isa = PBXFileReference; lastKnownFileType = wrapper.xcdatamodel; path = CalculatorApp.xcdatamodel; sourceTree = "<group>"; };
		D002C64F1F8F513C00C3705A /* Assets.xcassets */ = {isa = PBXFileReference; lastKnownFileType = folder.assetcatalog; path = Assets.xcassets; sourceTree = "<group>"; };
		D002C6521F8F513C00C3705A /* Base */ = {isa = PBXFileReference; lastKnownFileType = file.storyboard; name = Base; path = Base.lproj/LaunchScreen.storyboard; sourceTree = "<group>"; };
		D002C6541F8F513C00C3705A /* Info.plist */ = {isa = PBXFileReference; lastKnownFileType = text.plist.xml; path = Info.plist; sourceTree = "<group>"; };
		D002C65A1F8F518900C3705A /* Calculations.swift */ = {isa = PBXFileReference; lastKnownFileType = sourcecode.swift; path = Calculations.swift; sourceTree = "<group>"; };
/* End PBXFileReference section */

/* Begin PBXFrameworksBuildPhase section */
		D002C63F1F8F513C00C3705A /* Frameworks */ = {
			isa = PBXFrameworksBuildPhase;
			buildActionMask = 2147483647;
			files = (
			);
			runOnlyForDeploymentPostprocessing = 0;
		};
/* End PBXFrameworksBuildPhase section */

/* Begin PBXGroup section */
		D002C6391F8F513B00C3705A = {
			isa = PBXGroup;
			children = (
				D002C6441F8F513C00C3705A /* CalculatorApp */,
				D002C6431F8F513C00C3705A /* Products */,
			);
			sourceTree = "<group>";
		};
		D002C6431F8F513C00C3705A /* Products */ = {
			isa = PBXGroup;
			children = (
				D002C6421F8F513C00C3705A /* CalculatorApp.app */,
			);
			name = Products;
			sourceTree = "<group>";
		};
		D002C6441F8F513C00C3705A /* CalculatorApp */ = {
			isa = PBXGroup;
			children = (
				D002C6451F8F513C00C3705A /* AppDelegate.swift */,
				D002C6471F8F513C00C3705A /* ViewController.swift */,
				D002C65A1F8F518900C3705A /* Calculations.swift */,
				D002C6491F8F513C00C3705A /* Main.storyboard */,
				D002C64F1F8F513C00C3705A /* Assets.xcassets */,
				D002C6511F8F513C00C3705A /* LaunchScreen.storyboard */,
				D002C6541F8F513C00C3705A /* Info.plist */,
				D002C64C1F8F513C00C3705A /* CalculatorApp.xcdatamodeld */,
			);
			path = CalculatorApp;
			sourceTree = "<group>";
		};
/* End PBXGroup section */

/* Begin PBXNativeTarget section */
		D002C6411F8F513C00C3705A /* CalculatorApp */ = {
			isa = PBXNativeTarget;
			buildConfigurationList = D002C6571F8F513C00C3705A /* Build configuration list for PBXNativeTarget "CalculatorApp" */;
			buildPhases = (
				D002C63E1F8F513C00C3705A /* Sources */,
				D002C63F1F8F513C00C3705A /* Frameworks */,
				D002C6401F8F513C00C3705A /* Resources */,
			);
			buildRules = (
			);
			dependencies = (
			);
			name = CalculatorApp;
			productName = CalculatorApp;
			productReference = D002C6421F8F513C00C3705A /* CalculatorApp.app */;
			productType = "com.apple.product-type.application";
		};
/* End PBXNativeTarget section */

/* Begin PBXProject section */
		D002C63A1F8F513B00C3705A /* Project object */ = {
			isa = PBXProject;
			attributes = {
				LastSwiftUpdateCheck = 0910;
				LastUpgradeCheck = 0910;
				ORGANIZATIONNAME = "Kyrill van Seventer";
				TargetAttributes = {
					D002C6411F8F513C00C3705A = {
						CreatedOnToolsVersion = 9.1;
						ProvisioningStyle = Automatic;
					};
				};
			};
			buildConfigurationList = D002C63D1F8F513B00C3705A /* Build configuration list for PBXProject "CalculatorApp" */;
			compatibilityVersion = "Xcode 8.0";
			developmentRegion = en;
			hasScannedForEncodings = 0;
			knownRegions = (
				en,
				Base,
			);
			mainGroup = D002C6391F8F513B00C3705A;
			productRefGroup = D002C6431F8F513C00C3705A /* Products */;
			projectDirPath = "";
			projectRoot = "";
			targets = (
				D002C6411F8F513C00C3705A /* CalculatorApp */,
			);
		};
/* End PBXProject section */

/* Begin PBXResourcesBuildPhase section */
		D002C6401F8F513C00C3705A /* Resources */ = {
			isa = PBXResourcesBuildPhase;
			buildActionMask = 2147483647;
			files = (
				D002C6531F8F513C00C3705A /* LaunchScreen.storyboard in Resources */,
				D002C6501F8F513C00C3705A /* Assets.xcassets in Resources */,
				D002C64B1F8F513C00C3705A /* Main.storyboard in Resources */,
			);
			runOnlyForDeploymentPostprocessing = 0;
		};
/* End PBXResourcesBuildPhase section */

/* Begin PBXSourcesBuildPhase section */
		D002C63E1F8F513C00C3705A /* Sources */ = {
			isa = PBXSourcesBuildPhase;
			buildActionMask = 2147483647;
			files = (
				D002C6481F8F513C00C3705A /* ViewController.swift in Sources */,
				D002C64E1F8F513C00C3705A /* CalculatorApp.xcdatamodeld in Sources */,
				D002C6461F8F513C00C3705A /* AppDelegate.swift in Sources */,
				D002C65B1F8F518900C3705A /* Calculations.swift in Sources */,
			);
			runOnlyForDeploymentPostprocessing = 0;
		};
/* End PBXSourcesBuildPhase section */

/* Begin PBXVariantGroup section */
		D002C6491F8F513C00C3705A /* Main.storyboard */ = {
			isa = PBXVariantGroup;
			children = (
				D002C64A1F8F513C00C3705A /* Base */,
			);
			name = Main.storyboard;
			sourceTree = "<group>";
		};
		D002C6511F8F513C00C3705A /* LaunchScreen.storyboard */ = {
			isa = PBXVariantGroup;
			children = (
				D002C6521F8F513C00C3705A /* Base */,
			);
			name = LaunchScreen.storyboard;
			sourceTree = "<group>";
		};
/* End PBXVariantGroup section */

/* Begin XCBuildConfiguration section */
		D002C6551F8F513C00C3705A /* Debug */ = {
			isa = XCBuildConfiguration;
			buildSettings = {
				ALWAYS_SEARCH_USER_PATHS = NO;
				CLANG_ANALYZER_NONNULL = YES;
				CLANG_ANALYZER_NUMBER_OBJECT_CONVERSION = YES_AGGRESSIVE;
				CLANG_CXX_LANGUAGE_STANDARD = "gnu++14";
				CLANG_CXX_LIBRARY = "libc++";
				CLANG_ENABLE_MODULES = YES;
				CLANG_ENABLE_OBJC_ARC = YES;
				CLANG_WARN_BLOCK_CAPTURE_AUTORELEASING = YES;
				CLANG_WARN_BOOL_CONVERSION = YES;
				CLANG_WARN_COMMA = YES;
				CLANG_WARN_CONSTANT_CONVERSION = YES;
				CLANG_WARN_DIRECT_OBJC_ISA_USAGE = YES_ERROR;
				CLANG_WARN_DOCUMENTATION_COMMENTS = YES;
				CLANG_WARN_EMPTY_BODY = YES;
				CLANG_WARN_ENUM_CONVERSION = YES;
				CLANG_WARN_INFINITE_RECURSION = YES;
				CLANG_WARN_INT_CONVERSION = YES;
				CLANG_WARN_NON_LITERAL_NULL_CONVERSION = YES;
				CLANG_WARN_OBJC_LITERAL_CONVERSION = YES;
				CLANG_WARN_OBJC_ROOT_CLASS = YES_ERROR;
				CLANG_WARN_RANGE_LOOP_ANALYSIS = YES;
				CLANG_WARN_STRICT_PROTOTYPES = YES;
				CLANG_WARN_SUSPICIOUS_MOVE = YES;
				CLANG_WARN_UNGUARDED_AVAILABILITY = YES_AGGRESSIVE;
				CLANG_WARN_UNREACHABLE_CODE = YES;
				CLANG_WARN__DUPLICATE_METHOD_MATCH = YES;
				CODE_SIGN_IDENTITY = "iPhone Developer";
				COPY_PHASE_STRIP = NO;
				DEBUG_INFORMATION_FORMAT = dwarf;
				ENABLE_STRICT_OBJC_MSGSEND = YES;
				ENABLE_TESTABILITY = YES;
				GCC_C_LANGUAGE_STANDARD = gnu11;
				GCC_DYNAMIC_NO_PIC = NO;
				GCC_NO_COMMON_BLOCKS = YES;
				GCC_OPTIMIZATION_LEVEL = 0;
				GCC_PREPROCESSOR_DEFINITIONS = (
					"DEBUG=1",
					"$(inherited)",
				);
				GCC_WARN_64_TO_32_BIT_CONVERSION = YES;
				GCC_WARN_ABOUT_RETURN_TYPE = YES_ERROR;
				GCC_WARN_UNDECLARED_SELECTOR = YES;
				GCC_WARN_UNINITIALIZED_AUTOS = YES_AGGRESSIVE;
				GCC_WARN_UNUSED_FUNCTION = YES;
				GCC_WARN_UNUSED_VARIABLE = YES;
				IPHONEOS_DEPLOYMENT_TARGET = 11.1;
				MTL_ENABLE_DEBUG_INFO = YES;
				ONLY_ACTIVE_ARCH = YES;
				SDKROOT = iphoneos;
				SWIFT_ACTIVE_COMPILATION_CONDITIONS = DEBUG;
				SWIFT_OPTIMIZATION_LEVEL = "-Onone";
			};
			name = Debug;
		};
		D002C6561F8F513C00C3705A /* Release */ = {
			isa = XCBuildConfiguration;
			buildSettings = {
				ALWAYS_SEARCH_USER_PATHS = NO;
				CLANG_ANALYZER_NONNULL = YES;
				CLANG_ANALYZER_NUMBER_OBJECT_CONVERSION = YES_AGGRESSIVE;
				CLANG_CXX_LANGUAGE_STANDARD = "gnu++14";
				CLANG_CXX_LIBRARY = "libc++";
				CLANG_ENABLE_MODULES = YES;
				CLANG_ENABLE_OBJC_ARC = YES;
				CLANG_WARN_BLOCK_CAPTURE_AUTORELEASING = YES;
				CLANG_WARN_BOOL_CONVERSION = YES;
				CLANG_WARN_COMMA = YES;
				CLANG_WARN_CONSTANT_CONVERSION = YES;
				CLANG_WARN_DIRECT_OBJC_ISA_USAGE = YES_ERROR;
				CLANG_WARN_DOCUMENTATION_COMMENTS = YES;
				CLANG_WARN_EMPTY_BODY = YES;
				CLANG_WARN_ENUM_CONVERSION = YES;
				CLANG_WARN_INFINITE_RECURSION = YES;
				CLANG_WARN_INT_CONVERSION = YES;
				CLANG_WARN_NON_LITERAL_NULL_CONVERSION = YES;
				CLANG_WARN_OBJC_LITERAL_CONVERSION = YES;
				CLANG_WARN_OBJC_ROOT_CLASS = YES_ERROR;
				CLANG_WARN_RANGE_LOOP_ANALYSIS = YES;
				CLANG_WARN_STRICT_PROTOTYPES = YES;
				CLANG_WARN_SUSPICIOUS_MOVE = YES;
				CLANG_WARN_UNGUARDED_AVAILABILITY = YES_AGGRESSIVE;
				CLANG_WARN_UNREACHABLE_CODE = YES;
				CLANG_WARN__DUPLICATE_METHOD_MATCH = YES;
				CODE_SIGN_IDENTITY = "iPhone Developer";
				COPY_PHASE_STRIP = NO;
				DEBUG_INFORMATION_FORMAT = "dwarf-with-dsym";
				ENABLE_NS_ASSERTIONS = NO;
				ENABLE_STRICT_OBJC_MSGSEND = YES;
				GCC_C_LANGUAGE_STANDARD = gnu11;
				GCC_NO_COMMON_BLOCKS = YES;
				GCC_WARN_64_TO_32_BIT_CONVERSION = YES;
				GCC_WARN_ABOUT_RETURN_TYPE = YES_ERROR;
				GCC_WARN_UNDECLARED_SELECTOR = YES;
				GCC_WARN_UNINITIALIZED_AUTOS = YES_AGGRESSIVE;
				GCC_WARN_UNUSED_FUNCTION = YES;
				GCC_WARN_UNUSED_VARIABLE = YES;
				IPHONEOS_DEPLOYMENT_TARGET = 11.1;
				MTL_ENABLE_DEBUG_INFO = NO;
				SDKROOT = iphoneos;
				SWIFT_OPTIMIZATION_LEVEL = "-Owholemodule";
				VALIDATE_PRODUCT = YES;
			};
			name = Release;
		};
		D002C6581F8F513C00C3705A /* Debug */ = {
			isa = XCBuildConfiguration;
			buildSettings = {
				ASSETCATALOG_COMPILER_APPICON_NAME = AppIcon;
				CODE_SIGN_STYLE = Automatic;
				DEVELOPMENT_TEAM = 35Y72ML6XR;
				INFOPLIST_FILE = CalculatorApp/Info.plist;
				LD_RUNPATH_SEARCH_PATHS = "$(inherited) @executable_path/Frameworks";
				PRODUCT_BUNDLE_IDENTIFIER = com.KyrillvanSeventer.CalculatorApp;
				PRODUCT_NAME = "$(TARGET_NAME)";
				SWIFT_VERSION = 4.0;
				TARGETED_DEVICE_FAMILY = "1,2";
			};
			name = Debug;
		};
		D002C6591F8F513C00C3705A /* Release */ = {
			isa = XCBuildConfiguration;
			buildSettings = {
				ASSETCATALOG_COMPILER_APPICON_NAME = AppIcon;
				CODE_SIGN_STYLE = Automatic;
				DEVELOPMENT_TEAM = 35Y72ML6XR;
				INFOPLIST_FILE = CalculatorApp/Info.plist;
				LD_RUNPATH_SEARCH_PATHS = "$(inherited) @executable_path/Frameworks";
				PRODUCT_BUNDLE_IDENTIFIER = com.KyrillvanSeventer.CalculatorApp;
				PRODUCT_NAME = "$(TARGET_NAME)";
				SWIFT_VERSION = 4.0;
				TARGETED_DEVICE_FAMILY = "1,2";
			};
			name = Release;
		};
/* End XCBuildConfiguration section */

/* Begin XCConfigurationList section */
		D002C63D1F8F513B00C3705A /* Build configuration list for PBXProject "CalculatorApp" */ = {
			isa = XCConfigurationList;
			buildConfigurations = (
				D002C6551F8F513C00C3705A /* Debug */,
				D002C6561F8F513C00C3705A /* Release */,
			);
			defaultConfigurationIsVisible = 0;
			defaultConfigurationName = Release;
		};
		D002C6571F8F513C00C3705A /* Build configuration list for PBXNativeTarget "CalculatorApp" */ = {
			isa = XCConfigurationList;
			buildConfigurations = (
				D002C6581F8F513C00C3705A /* Debug */,
				D002C6591F8F513C00C3705A /* Release */,
			);
			defaultConfigurationIsVisible = 0;
			defaultConfigurationName = Release;
		};
/* End XCConfigurationList section */

/* Begin XCVersionGroup section */
		D002C64C1F8F513C00C3705A /* CalculatorApp.xcdatamodeld */ = {
			isa = XCVersionGroup;
			children = (
				D002C64D1F8F513C00C3705A /* CalculatorApp.xcdatamodel */,
			);
			currentVersion = D002C64D1F8F513C00C3705A /* CalculatorApp.xcdatamodel */;
			path = CalculatorApp.xcdatamodeld;
			sourceTree = "<group>";
			versionGroupType = wrapper.xcdatamodel;
		};
/* End XCVersionGroup section */
	};
	rootObject = D002C63A1F8F513B00C3705A /* Project object */;
}
